
Microsoft Visual Studio Solution File, Format Version 12.00
# Visual Studio Version 16
VisualStudioVersion = 16.0.29926.136
MinimumVisualStudioVersion = 10.0.40219.1
Project("{FAE04EC0-301F-11D3-BF4B-00C04F79EFBC}") = "WebAPI", "WebAPI\WebAPI.csproj", "{A7D9729C-E258-44B2-A2A1-EB3A8D0ADAB2}"
EndProject
Project("{FAE04EC0-301F-11D3-BF4B-00C04F79EFBC}") = "Data", "Data\Data.csproj", "{062D554B-69B7-4C53-A6B0-53027B918788}"
EndProject
Project("{FAE04EC0-301F-11D3-BF4B-00C04F79EFBC}") = "Models", "Models\Models.csproj", "{CDCCB247-E16C-482B-87C1-0093AE812BC3}"
EndProject
Project("{FAE04EC0-301F-11D3-BF4B-00C04F79EFBC}") = "Services", "Services\Services.csproj", "{0734A9A7-BF78-4A5A-88E6-F72C3233C8D3}"
EndProject
Global
	GlobalSection(SolutionConfigurationPlatforms) = preSolution
		Debug|Any CPU = Debug|Any CPU
		Release|Any CPU = Release|Any CPU
	EndGlobalSection
	GlobalSection(ProjectConfigurationPlatforms) = postSolution
		{A7D9729C-E258-44B2-A2A1-EB3A8D0ADAB2}.Debug|Any CPU.ActiveCfg = Debug|Any CPU
		{A7D9729C-E258-44B2-A2A1-EB3A8D0ADAB2}.Debug|Any CPU.Build.0 = Debug|Any CPU
		{A7D9729C-E258-44B2-A2A1-EB3A8D0ADAB2}.Release|Any CPU.ActiveCfg = Release|Any CPU
		{A7D9729C-E258-44B2-A2A1-EB3A8D0ADAB2}.Release|Any CPU.Build.0 = Release|Any CPU
		{062D554B-69B7-4C53-A6B0-53027B918788}.Debug|Any CPU.ActiveCfg = Debug|Any CPU
		{062D554B-69B7-4C53-A6B0-53027B918788}.Debug|Any CPU.Build.0 = Debug|Any CPU
		{062D554B-69B7-4C53-A6B0-53027B918788}.Release|Any CPU.ActiveCfg = Release|Any CPU
		{062D554B-69B7-4C53-A6B0-53027B918788}.Release|Any CPU.Build.0 = Release|Any CPU
		{CDCCB247-E16C-482B-87C1-0093AE812BC3}.Debug|Any CPU.ActiveCfg = Debug|Any CPU
		{CDCCB247-E16C-482B-87C1-0093AE812BC3}.Debug|Any CPU.Build.0 = Debug|Any CPU
		{CDCCB247-E16C-482B-87C1-0093AE812BC3}.Release|Any CPU.ActiveCfg = Release|Any CPU
		{CDCCB247-E16C-482B-87C1-0093AE812BC3}.Release|Any CPU.Build.0 = Release|Any CPU
		{0734A9A7-BF78-4A5A-88E6-F72C3233C8D3}.Debug|Any CPU.ActiveCfg = Debug|Any CPU
		{0734A9A7-BF78-4A5A-88E6-F72C3233C8D3}.Debug|Any CPU.Build.0 = Debug|Any CPU
		{0734A9A7-BF78-4A5A-88E6-F72C3233C8D3}.Release|Any CPU.ActiveCfg = Release|Any CPU
		{0734A9A7-BF78-4A5A-88E6-F72C3233C8D3}.Release|Any CPU.Build.0 = Release|Any CPU
	EndGlobalSection
	GlobalSection(SolutionProperties) = preSolution
		HideSolutionNode = FALSE
	EndGlobalSection
	GlobalSection(ExtensibilityGlobals) = postSolution
		SolutionGuid = {D81E8FD8-34AB-46BC-B25C-07BC2FE9D754}
	EndGlobalSection
EndGlobal
